[[package]]
name = "gradestalib"
version = "0.1.0"
dependencies = [
 "protobuf 2.1.4 (registry+https://github.com/rust-lang/crates.io-index)",
]

[[package]]
name = "protobuf"
version = "2.1.4"
source = "registry+https://github.com/rust-lang/crates.io-index"

[metadata]
"checksum protobuf 2.1.4 (registry+https://github.com/rust-lang/crates.io-index)" = "671a9cce836bd3635b40b2b0a72783481755ee988c493891f4e974b45264cc9d"
